# Generated by pub
# See http://pub.dartlang.org/doc/glossary.html#lockfile
packages:
  randomize:
    description:
      ref: null
      resolved-ref: "5cc449abce167cd821d41f4fc3e0ab63ddf2d8f7"
      url: "git@github.com:field/randomize.dart.git"
    source: git
    version: "0.0.7"
  vector_math:
    description: vector_math
    source: hosted
    version: "1.4.3"
